// !$*UTF8*$!
{
	archiveVersion = 1;
	classes = {
	};
	objectVersion = 51;
	objects = {

/* Begin PBXBuildFile section */
		25131FB078FA7EF937A3D8CC /* Pods_FlanelinhaParking.framework in Frameworks */ = {isa = PBXBuildFile; fileRef = 7CC382D27D3F6F430E688335 /* Pods_FlanelinhaParking.framework */; };
		4157A12E22797F44008657A2 /* AppDelegate.swift in Sources */ = {isa = PBXBuildFile; fileRef = 4157A12D22797F44008657A2 /* AppDelegate.swift */; };
		4157A13022797F44008657A2 /* ViewController.swift in Sources */ = {isa = PBXBuildFile; fileRef = 4157A12F22797F44008657A2 /* ViewController.swift */; };
		4157A13322797F44008657A2 /* Main.storyboard in Resources */ = {isa = PBXBuildFile; fileRef = 4157A13122797F44008657A2 /* Main.storyboard */; };
		4157A13622797F44008657A2 /* FlanelinhaParking.xcdatamodeld in Sources */ = {isa = PBXBuildFile; fileRef = 4157A13422797F44008657A2 /* FlanelinhaParking.xcdatamodeld */; };
		4157A13822797F47008657A2 /* Assets.xcassets in Resources */ = {isa = PBXBuildFile; fileRef = 4157A13722797F47008657A2 /* Assets.xcassets */; };
		4157A13B22797F47008657A2 /* LaunchScreen.storyboard in Resources */ = {isa = PBXBuildFile; fileRef = 4157A13922797F47008657A2 /* LaunchScreen.storyboard */; };
		A1BFC70A2297307800D79593 /* Location.swift in Sources */ = {isa = PBXBuildFile; fileRef = A1BFC7092297307700D79593 /* Location.swift */; };
		A1BFC70C2297314500D79593 /* Player.swift in Sources */ = {isa = PBXBuildFile; fileRef = A1BFC70B2297314500D79593 /* Player.swift */; };
		A1BFC70E2297317800D79593 /* Vehicle.swift in Sources */ = {isa = PBXBuildFile; fileRef = A1BFC70D2297317800D79593 /* Vehicle.swift */; };
		A1BFC710229731CD00D79593 /* AboutViewController.swift in Sources */ = {isa = PBXBuildFile; fileRef = A1BFC70F229731CD00D79593 /* AboutViewController.swift */; };
		A1BFC712229731FA00D79593 /* MapViewController.swift in Sources */ = {isa = PBXBuildFile; fileRef = A1BFC711229731FA00D79593 /* MapViewController.swift */; };
		A1BFC7142297324A00D79593 /* ProfileViewController.swift in Sources */ = {isa = PBXBuildFile; fileRef = A1BFC7132297324A00D79593 /* ProfileViewController.swift */; };
		A1BFC7162297339200D79593 /* ParkingsViewController.swift in Sources */ = {isa = PBXBuildFile; fileRef = A1BFC7152297339200D79593 /* ParkingsViewController.swift */; };
		A1BFC7182297341A00D79593 /* ParkingViewController.swift in Sources */ = {isa = PBXBuildFile; fileRef = A1BFC7172297341A00D79593 /* ParkingViewController.swift */; };
		A1BFC71C229734A600D79593 /* LocationTableViewCell.swift in Sources */ = {isa = PBXBuildFile; fileRef = A1BFC71B229734A600D79593 /* LocationTableViewCell.swift */; };
		A1BFC71E229734DA00D79593 /* OptionCollectionViewCell.swift in Sources */ = {isa = PBXBuildFile; fileRef = A1BFC71D229734DA00D79593 /* OptionCollectionViewCell.swift */; };
		A1BFC720229734FF00D79593 /* ParkingCollectionViewCell.swift in Sources */ = {isa = PBXBuildFile; fileRef = A1BFC71F229734FF00D79593 /* ParkingCollectionViewCell.swift */; };
		A1BFC7222297353700D79593 /* CurrentLocationMarkerView.swift in Sources */ = {isa = PBXBuildFile; fileRef = A1BFC7212297353700D79593 /* CurrentLocationMarkerView.swift */; };
		A1BFC7242297356700D79593 /* ParkingMarkerView.swift in Sources */ = {isa = PBXBuildFile; fileRef = A1BFC7232297356700D79593 /* ParkingMarkerView.swift */; };
		A1BFC728229737AE00D79593 /* SelectedParkingMarkerView.swift in Sources */ = {isa = PBXBuildFile; fileRef = A1BFC727229737AE00D79593 /* SelectedParkingMarkerView.swift */; };
		A1BFC72A229737DC00D79593 /* ParkingTableViewCell.swift in Sources */ = {isa = PBXBuildFile; fileRef = A1BFC729229737DC00D79593 /* ParkingTableViewCell.swift */; };
		A1BFC72C22973C1600D79593 /* UIViewController+CoreData.swift in Sources */ = {isa = PBXBuildFile; fileRef = A1BFC72B22973C1600D79593 /* UIViewController+CoreData.swift */; };
		A1BFC7302297412400D79593 /* ParkingMarkerView.xib in Resources */ = {isa = PBXBuildFile; fileRef = A1BFC72F2297412400D79593 /* ParkingMarkerView.xib */; };
		A1BFC736229772EF00D79593 /* SelectedParkingMarkerView.xib in Resources */ = {isa = PBXBuildFile; fileRef = A1BFC735229772EF00D79593 /* SelectedParkingMarkerView.xib */; };
		A1BFC73822983F5900D79593 /* GoogleService-Info.plist in Resources */ = {isa = PBXBuildFile; fileRef = A1BFC73722983F5800D79593 /* GoogleService-Info.plist */; };
/* End PBXBuildFile section */

/* Begin PBXFileReference section */
		4157A12A22797F44008657A2 /* FlanelinhaParking.app */ = {isa = PBXFileReference; explicitFileType = wrapper.application; includeInIndex = 0; path = FlanelinhaParking.app; sourceTree = BUILT_PRODUCTS_DIR; };
		4157A12D22797F44008657A2 /* AppDelegate.swift */ = {isa = PBXFileReference; lastKnownFileType = sourcecode.swift; path = AppDelegate.swift; sourceTree = "<group>"; };
		4157A12F22797F44008657A2 /* ViewController.swift */ = {isa = PBXFileReference; lastKnownFileType = sourcecode.swift; path = ViewController.swift; sourceTree = "<group>"; };
		4157A13222797F44008657A2 /* Base */ = {isa = PBXFileReference; lastKnownFileType = file.storyboard; name = Base; path = Base.lproj/Main.storyboard; sourceTree = "<group>"; };
		4157A13522797F44008657A2 /* FlanelinhaParking.xcdatamodel */ = {isa = PBXFileReference; lastKnownFileType = wrapper.xcdatamodel; path = FlanelinhaParking.xcdatamodel; sourceTree = "<group>"; };
		4157A13722797F47008657A2 /* Assets.xcassets */ = {isa = PBXFileReference; lastKnownFileType = folder.assetcatalog; path = Assets.xcassets; sourceTree = "<group>"; };
		4157A13A22797F47008657A2 /* Base */ = {isa = PBXFileReference; lastKnownFileType = file.storyboard; name = Base; path = Base.lproj/LaunchScreen.storyboard; sourceTree = "<group>"; };
		4157A13C22797F47008657A2 /* Info.plist */ = {isa = PBXFileReference; lastKnownFileType = text.plist.xml; path = Info.plist; sourceTree = "<group>"; };
		6BA358310534C353CE2D0EB9 /* Pods-FlanelinhaParking.release.xcconfig */ = {isa = PBXFileReference; includeInIndex = 1; lastKnownFileType = text.xcconfig; name = "Pods-FlanelinhaParking.release.xcconfig"; path = "Pods/Target Support Files/Pods-FlanelinhaParking/Pods-FlanelinhaParking.release.xcconfig"; sourceTree = "<group>"; };
		7CC382D27D3F6F430E688335 /* Pods_FlanelinhaParking.framework */ = {isa = PBXFileReference; explicitFileType = wrapper.framework; includeInIndex = 0; path = Pods_FlanelinhaParking.framework; sourceTree = BUILT_PRODUCTS_DIR; };
		A1BFC7092297307700D79593 /* Location.swift */ = {isa = PBXFileReference; lastKnownFileType = sourcecode.swift; path = Location.swift; sourceTree = "<group>"; };
		A1BFC70B2297314500D79593 /* Player.swift */ = {isa = PBXFileReference; lastKnownFileType = sourcecode.swift; path = Player.swift; sourceTree = "<group>"; };
		A1BFC70D2297317800D79593 /* Vehicle.swift */ = {isa = PBXFileReference; lastKnownFileType = sourcecode.swift; path = Vehicle.swift; sourceTree = "<group>"; };
		A1BFC70F229731CD00D79593 /* AboutViewController.swift */ = {isa = PBXFileReference; lastKnownFileType = sourcecode.swift; path = AboutViewController.swift; sourceTree = "<group>"; };
		A1BFC711229731FA00D79593 /* MapViewController.swift */ = {isa = PBXFileReference; lastKnownFileType = sourcecode.swift; path = MapViewController.swift; sourceTree = "<group>"; };
		A1BFC7132297324A00D79593 /* ProfileViewController.swift */ = {isa = PBXFileReference; lastKnownFileType = sourcecode.swift; path = ProfileViewController.swift; sourceTree = "<group>"; };
		A1BFC7152297339200D79593 /* ParkingsViewController.swift */ = {isa = PBXFileReference; lastKnownFileType = sourcecode.swift; path = ParkingsViewController.swift; sourceTree = "<group>"; };
		A1BFC7172297341A00D79593 /* ParkingViewController.swift */ = {isa = PBXFileReference; lastKnownFileType = sourcecode.swift; path = ParkingViewController.swift; sourceTree = "<group>"; };
		A1BFC71B229734A600D79593 /* LocationTableViewCell.swift */ = {isa = PBXFileReference; lastKnownFileType = sourcecode.swift; path = LocationTableViewCell.swift; sourceTree = "<group>"; };
		A1BFC71D229734DA00D79593 /* OptionCollectionViewCell.swift */ = {isa = PBXFileReference; lastKnownFileType = sourcecode.swift; path = OptionCollectionViewCell.swift; sourceTree = "<group>"; };
		A1BFC71F229734FF00D79593 /* ParkingCollectionViewCell.swift */ = {isa = PBXFileReference; lastKnownFileType = sourcecode.swift; path = ParkingCollectionViewCell.swift; sourceTree = "<group>"; };
		A1BFC7212297353700D79593 /* CurrentLocationMarkerView.swift */ = {isa = PBXFileReference; lastKnownFileType = sourcecode.swift; path = CurrentLocationMarkerView.swift; sourceTree = "<group>"; };
		A1BFC7232297356700D79593 /* ParkingMarkerView.swift */ = {isa = PBXFileReference; lastKnownFileType = sourcecode.swift; path = ParkingMarkerView.swift; sourceTree = "<group>"; };
		A1BFC727229737AE00D79593 /* SelectedParkingMarkerView.swift */ = {isa = PBXFileReference; lastKnownFileType = sourcecode.swift; path = SelectedParkingMarkerView.swift; sourceTree = "<group>"; };
		A1BFC729229737DC00D79593 /* ParkingTableViewCell.swift */ = {isa = PBXFileReference; lastKnownFileType = sourcecode.swift; path = ParkingTableViewCell.swift; sourceTree = "<group>"; };
		A1BFC72B22973C1600D79593 /* UIViewController+CoreData.swift */ = {isa = PBXFileReference; lastKnownFileType = sourcecode.swift; path = "UIViewController+CoreData.swift"; sourceTree = "<group>"; };
		A1BFC72F2297412400D79593 /* ParkingMarkerView.xib */ = {isa = PBXFileReference; lastKnownFileType = file.xib; path = ParkingMarkerView.xib; sourceTree = "<group>"; };
		A1BFC735229772EF00D79593 /* SelectedParkingMarkerView.xib */ = {isa = PBXFileReference; lastKnownFileType = file.xib; path = SelectedParkingMarkerView.xib; sourceTree = "<group>"; };
		A1BFC73722983F5800D79593 /* GoogleService-Info.plist */ = {isa = PBXFileReference; fileEncoding = 4; lastKnownFileType = text.plist.xml; path = "GoogleService-Info.plist"; sourceTree = "<group>"; };
		F1839212FD4733BDA85004CD /* Pods-FlanelinhaParking.debug.xcconfig */ = {isa = PBXFileReference; includeInIndex = 1; lastKnownFileType = text.xcconfig; name = "Pods-FlanelinhaParking.debug.xcconfig"; path = "Pods/Target Support Files/Pods-FlanelinhaParking/Pods-FlanelinhaParking.debug.xcconfig"; sourceTree = "<group>"; };
/* End PBXFileReference section */

/* Begin PBXFrameworksBuildPhase section */
		4157A12722797F44008657A2 /* Frameworks */ = {
			isa = PBXFrameworksBuildPhase;
			buildActionMask = 2147483647;
			files = (
				25131FB078FA7EF937A3D8CC /* Pods_FlanelinhaParking.framework in Frameworks */,
			);
			runOnlyForDeploymentPostprocessing = 0;
		};
/* End PBXFrameworksBuildPhase section */

/* Begin PBXGroup section */
		2A2276C64CF7A11C35DE11BD /* Pods */ = {
			isa = PBXGroup;
			children = (
				F1839212FD4733BDA85004CD /* Pods-FlanelinhaParking.debug.xcconfig */,
				6BA358310534C353CE2D0EB9 /* Pods-FlanelinhaParking.release.xcconfig */,
			);
			name = Pods;
			sourceTree = "<group>";
		};
		4157A12122797F44008657A2 = {
			isa = PBXGroup;
			children = (
				4157A12C22797F44008657A2 /* FlanelinhaParking */,
				4157A12B22797F44008657A2 /* Products */,
				2A2276C64CF7A11C35DE11BD /* Pods */,
				D6C2CC60DEB3A6C80378718E /* Frameworks */,
			);
			sourceTree = "<group>";
		};
		4157A12B22797F44008657A2 /* Products */ = {
			isa = PBXGroup;
			children = (
				4157A12A22797F44008657A2 /* FlanelinhaParking.app */,
			);
			name = Products;
			sourceTree = "<group>";
		};
		4157A12C22797F44008657A2 /* FlanelinhaParking */ = {
			isa = PBXGroup;
			children = (
				4157A13722797F47008657A2 /* Assets.xcassets */,
				A1BFC73722983F5800D79593 /* GoogleService-Info.plist */,
				4157A13C22797F47008657A2 /* Info.plist */,
				A14B9B42229203CD00E9E0DE /* Resources */,
				A14B9B43229203DB00E9E0DE /* Sources */,
				A14B9B44229203E800E9E0DE /* Storyboards */,
				A14B9B45229203F500E9E0DE /* Supporting Files */,
				4157A12F22797F44008657A2 /* ViewController.swift */,
			);
			path = FlanelinhaParking;
			sourceTree = "<group>";
		};
		A14B9B42229203CD00E9E0DE /* Resources */ = {
			isa = PBXGroup;
			children = (
			);
			path = Resources;
			sourceTree = "<group>";
		};
		A14B9B43229203DB00E9E0DE /* Sources */ = {
			isa = PBXGroup;
			children = (
				A14B9B462292045700E9E0DE /* Data */,
				A14B9B472292045D00E9E0DE /* View Controllers */,
				A14B9B482292046C00E9E0DE /* Views */,
			);
			path = Sources;
			sourceTree = "<group>";
		};
		A14B9B44229203E800E9E0DE /* Storyboards */ = {
			isa = PBXGroup;
			children = (
				4157A13922797F47008657A2 /* LaunchScreen.storyboard */,
				4157A13122797F44008657A2 /* Main.storyboard */,
			);
			path = Storyboards;
			sourceTree = "<group>";
		};
		A14B9B45229203F500E9E0DE /* Supporting Files */ = {
			isa = PBXGroup;
			children = (
				4157A12D22797F44008657A2 /* AppDelegate.swift */,
				A1BFC72B22973C1600D79593 /* UIViewController+CoreData.swift */,
			);
			path = "Supporting Files";
			sourceTree = "<group>";
		};
		A14B9B462292045700E9E0DE /* Data */ = {
			isa = PBXGroup;
			children = (
				A14B9B492292048000E9E0DE /* Core Data */,
				A14B9B4A2292048800E9E0DE /* Models */,
			);
			path = Data;
			sourceTree = "<group>";
		};
		A14B9B472292045D00E9E0DE /* View Controllers */ = {
			isa = PBXGroup;
			children = (
				A1BFC70F229731CD00D79593 /* AboutViewController.swift */,
				A1BFC711229731FA00D79593 /* MapViewController.swift */,
				A1BFC7132297324A00D79593 /* ProfileViewController.swift */,
				A1BFC7152297339200D79593 /* ParkingsViewController.swift */,
				A1BFC7172297341A00D79593 /* ParkingViewController.swift */,
			);
			path = "View Controllers";
			sourceTree = "<group>";
		};
		A14B9B482292046C00E9E0DE /* Views */ = {
			isa = PBXGroup;
			children = (
				A14B9B4B229204D800E9E0DE /* Cells */,
				A1BFC7212297353700D79593 /* CurrentLocationMarkerView.swift */,
				A1BFC7232297356700D79593 /* ParkingMarkerView.swift */,
				A1BFC727229737AE00D79593 /* SelectedParkingMarkerView.swift */,
				A1BFC729229737DC00D79593 /* ParkingTableViewCell.swift */,
				A1BFC72F2297412400D79593 /* ParkingMarkerView.xib */,
				A1BFC735229772EF00D79593 /* SelectedParkingMarkerView.xib */,
			);
			path = Views;
			sourceTree = "<group>";
		};
		A14B9B492292048000E9E0DE /* Core Data */ = {
			isa = PBXGroup;
			children = (
				4157A13422797F44008657A2 /* FlanelinhaParking.xcdatamodeld */,
			);
			path = "Core Data";
			sourceTree = "<group>";
		};
		A14B9B4A2292048800E9E0DE /* Models */ = {
			isa = PBXGroup;
			children = (
				A1BFC7092297307700D79593 /* Location.swift */,
				A1BFC70B2297314500D79593 /* Player.swift */,
				A1BFC70D2297317800D79593 /* Vehicle.swift */,
			);
			path = Models;
			sourceTree = "<group>";
		};
		A14B9B4B229204D800E9E0DE /* Cells */ = {
			isa = PBXGroup;
			children = (
				A1BFC71B229734A600D79593 /* LocationTableViewCell.swift */,
				A1BFC71D229734DA00D79593 /* OptionCollectionViewCell.swift */,
				A1BFC71F229734FF00D79593 /* ParkingCollectionViewCell.swift */,
			);
			path = Cells;
			sourceTree = "<group>";
		};
		D6C2CC60DEB3A6C80378718E /* Frameworks */ = {
			isa = PBXGroup;
			children = (
				7CC382D27D3F6F430E688335 /* Pods_FlanelinhaParking.framework */,
			);
			name = Frameworks;
			sourceTree = "<group>";
		};
/* End PBXGroup section */

/* Begin PBXNativeTarget section */
		4157A12922797F44008657A2 /* FlanelinhaParking */ = {
			isa = PBXNativeTarget;
			buildConfigurationList = 4157A13F22797F47008657A2 /* Build configuration list for PBXNativeTarget "FlanelinhaParking" */;
			buildPhases = (
				47BF031026FA08F080516568 /* [CP] Check Pods Manifest.lock */,
				4157A12622797F44008657A2 /* Sources */,
				4157A12722797F44008657A2 /* Frameworks */,
				4157A12822797F44008657A2 /* Resources */,
				35C17E8E1AC4129A747D4C78 /* [CP] Embed Pods Frameworks */,
				74EFBEBC06F698840DF165B0 /* [CP] Copy Pods Resources */,
			);
			buildRules = (
			);
			dependencies = (
			);
			name = FlanelinhaParking;
			productName = FlanelinhaParking;
			productReference = 4157A12A22797F44008657A2 /* FlanelinhaParking.app */;
			productType = "com.apple.product-type.application";
		};
/* End PBXNativeTarget section */

/* Begin PBXProject section */
		4157A12222797F44008657A2 /* Project object */ = {
			isa = PBXProject;
			attributes = {
				LastSwiftUpdateCheck = 1020;
				LastUpgradeCheck = 1020;
				ORGANIZATIONNAME = "Raul Brito";
				TargetAttributes = {
					4157A12922797F44008657A2 = {
						CreatedOnToolsVersion = 10.2.1;
					};
				};
			};
			buildConfigurationList = 4157A12522797F44008657A2 /* Build configuration list for PBXProject "FlanelinhaParking" */;
			compatibilityVersion = "Xcode 9.3";
			developmentRegion = en;
			hasScannedForEncodings = 0;
			knownRegions = (
				en,
				Base,
			);
			mainGroup = 4157A12122797F44008657A2;
			productRefGroup = 4157A12B22797F44008657A2 /* Products */;
			projectDirPath = "";
			projectRoot = "";
			targets = (
				4157A12922797F44008657A2 /* FlanelinhaParking */,
			);
		};
/* End PBXProject section */

/* Begin PBXResourcesBuildPhase section */
		4157A12822797F44008657A2 /* Resources */ = {
			isa = PBXResourcesBuildPhase;
			buildActionMask = 2147483647;
			files = (
				4157A13B22797F47008657A2 /* LaunchScreen.storyboard in Resources */,
				4157A13822797F47008657A2 /* Assets.xcassets in Resources */,
				A1BFC736229772EF00D79593 /* SelectedParkingMarkerView.xib in Resources */,
				4157A13322797F44008657A2 /* Main.storyboard in Resources */,
				A1BFC7302297412400D79593 /* ParkingMarkerView.xib in Resources */,
				A1BFC73822983F5900D79593 /* GoogleService-Info.plist in Resources */,
			);
			runOnlyForDeploymentPostprocessing = 0;
		};
/* End PBXResourcesBuildPhase section */

/* Begin PBXShellScriptBuildPhase section */
		35C17E8E1AC4129A747D4C78 /* [CP] Embed Pods Frameworks */ = {
			isa = PBXShellScriptBuildPhase;
			buildActionMask = 2147483647;
			files = (
			);
			inputFileListPaths = (
				"${PODS_ROOT}/Target Support Files/Pods-FlanelinhaParking/Pods-FlanelinhaParking-frameworks-${CONFIGURATION}-input-files.xcfilelist",
			);
			name = "[CP] Embed Pods Frameworks";
			outputFileListPaths = (
				"${PODS_ROOT}/Target Support Files/Pods-FlanelinhaParking/Pods-FlanelinhaParking-frameworks-${CONFIGURATION}-output-files.xcfilelist",
			);
			runOnlyForDeploymentPostprocessing = 0;
			shellPath = /bin/sh;
			shellScript = "\"${PODS_ROOT}/Target Support Files/Pods-FlanelinhaParking/Pods-FlanelinhaParking-frameworks.sh\"\n";
			showEnvVarsInLog = 0;
		};
		47BF031026FA08F080516568 /* [CP] Check Pods Manifest.lock */ = {
			isa = PBXShellScriptBuildPhase;
			buildActionMask = 2147483647;
			files = (
			);
			inputFileListPaths = (
			);
			inputPaths = (
				"${PODS_PODFILE_DIR_PATH}/Podfile.lock",
				"${PODS_ROOT}/Manifest.lock",
			);
			name = "[CP] Check Pods Manifest.lock";
			outputFileListPaths = (
			);
			outputPaths = (
				"$(DERIVED_FILE_DIR)/Pods-FlanelinhaParking-checkManifestLockResult.txt",
			);
			runOnlyForDeploymentPostprocessing = 0;
			shellPath = /bin/sh;
			shellScript = "diff \"${PODS_PODFILE_DIR_PATH}/Podfile.lock\" \"${PODS_ROOT}/Manifest.lock\" > /dev/null\nif [ $? != 0 ] ; then\n    # print error to STDERR\n    echo \"error: The sandbox is not in sync with the Podfile.lock. Run 'pod install' or update your CocoaPods installation.\" >&2\n    exit 1\nfi\n# This output is used by Xcode 'outputs' to avoid re-running this script phase.\necho \"SUCCESS\" > \"${SCRIPT_OUTPUT_FILE_0}\"\n";
			showEnvVarsInLog = 0;
		};
		74EFBEBC06F698840DF165B0 /* [CP] Copy Pods Resources */ = {
			isa = PBXShellScriptBuildPhase;
			buildActionMask = 2147483647;
			files = (
			);
			inputFileListPaths = (
				"${PODS_ROOT}/Target Support Files/Pods-FlanelinhaParking/Pods-FlanelinhaParking-resources-${CONFIGURATION}-input-files.xcfilelist",
			);
			name = "[CP] Copy Pods Resources";
			outputFileListPaths = (
				"${PODS_ROOT}/Target Support Files/Pods-FlanelinhaParking/Pods-FlanelinhaParking-resources-${CONFIGURATION}-output-files.xcfilelist",
			);
			runOnlyForDeploymentPostprocessing = 0;
			shellPath = /bin/sh;
			shellScript = "\"${PODS_ROOT}/Target Support Files/Pods-FlanelinhaParking/Pods-FlanelinhaParking-resources.sh\"\n";
			showEnvVarsInLog = 0;
		};
/* End PBXShellScriptBuildPhase section */

/* Begin PBXSourcesBuildPhase section */
		4157A12622797F44008657A2 /* Sources */ = {
			isa = PBXSourcesBuildPhase;
			buildActionMask = 2147483647;
			files = (
				A1BFC70E2297317800D79593 /* Vehicle.swift in Sources */,
				A1BFC72C22973C1600D79593 /* UIViewController+CoreData.swift in Sources */,
				A1BFC71E229734DA00D79593 /* OptionCollectionViewCell.swift in Sources */,
				A1BFC7182297341A00D79593 /* ParkingViewController.swift in Sources */,
				4157A13022797F44008657A2 /* ViewController.swift in Sources */,
				4157A13622797F44008657A2 /* FlanelinhaParking.xcdatamodeld in Sources */,
				A1BFC72A229737DC00D79593 /* ParkingTableViewCell.swift in Sources */,
				A1BFC710229731CD00D79593 /* AboutViewController.swift in Sources */,
				A1BFC70A2297307800D79593 /* Location.swift in Sources */,
				A1BFC71C229734A600D79593 /* LocationTableViewCell.swift in Sources */,
				A1BFC70C2297314500D79593 /* Player.swift in Sources */,
				A1BFC7142297324A00D79593 /* ProfileViewController.swift in Sources */,
				4157A12E22797F44008657A2 /* AppDelegate.swift in Sources */,
				A1BFC7242297356700D79593 /* ParkingMarkerView.swift in Sources */,
				A1BFC7222297353700D79593 /* CurrentLocationMarkerView.swift in Sources */,
				A1BFC728229737AE00D79593 /* SelectedParkingMarkerView.swift in Sources */,
				A1BFC720229734FF00D79593 /* ParkingCollectionViewCell.swift in Sources */,
				A1BFC712229731FA00D79593 /* MapViewController.swift in Sources */,
				A1BFC7162297339200D79593 /* ParkingsViewController.swift in Sources */,
			);
			runOnlyForDeploymentPostprocessing = 0;
		};
/* End PBXSourcesBuildPhase section */

/* Begin PBXVariantGroup section */
		4157A13122797F44008657A2 /* Main.storyboard */ = {
			isa = PBXVariantGroup;
			children = (
				4157A13222797F44008657A2 /* Base */,
			);
			name = Main.storyboard;
			sourceTree = "<group>";
		};
		4157A13922797F47008657A2 /* LaunchScreen.storyboard */ = {
			isa = PBXVariantGroup;
			children = (
				4157A13A22797F47008657A2 /* Base */,
			);
			name = LaunchScreen.storyboard;
			sourceTree = "<group>";
		};
/* End PBXVariantGroup section */

/* Begin XCBuildConfiguration section */
		4157A13D22797F47008657A2 /* Debug */ = {
			isa = XCBuildConfiguration;
			buildSettings = {
				ALWAYS_SEARCH_USER_PATHS = NO;
				CLANG_ANALYZER_NONNULL = YES;
				CLANG_ANALYZER_NUMBER_OBJECT_CONVERSION = YES_AGGRESSIVE;
				CLANG_CXX_LANGUAGE_STANDARD = "gnu++14";
				CLANG_CXX_LIBRARY = "libc++";
				CLANG_ENABLE_MODULES = YES;
				CLANG_ENABLE_OBJC_ARC = YES;
				CLANG_ENABLE_OBJC_WEAK = YES;
				CLANG_WARN_BLOCK_CAPTURE_AUTORELEASING = YES;
				CLANG_WARN_BOOL_CONVERSION = YES;
				CLANG_WARN_COMMA = YES;
				CLANG_WARN_CONSTANT_CONVERSION = YES;
				CLANG_WARN_DEPRECATED_OBJC_IMPLEMENTATIONS = YES;
				CLANG_WARN_DIRECT_OBJC_ISA_USAGE = YES_ERROR;
				CLANG_WARN_DOCUMENTATION_COMMENTS = YES;
				CLANG_WARN_EMPTY_BODY = YES;
				CLANG_WARN_ENUM_CONVERSION = YES;
				CLANG_WARN_INFINITE_RECURSION = YES;
				CLANG_WARN_INT_CONVERSION = YES;
				CLANG_WARN_NON_LITERAL_NULL_CONVERSION = YES;
				CLANG_WARN_OBJC_IMPLICIT_RETAIN_SELF = YES;
				CLANG_WARN_OBJC_LITERAL_CONVERSION = YES;
				CLANG_WARN_OBJC_ROOT_CLASS = YES_ERROR;
				CLANG_WARN_RANGE_LOOP_ANALYSIS = YES;
				CLANG_WARN_STRICT_PROTOTYPES = YES;
				CLANG_WARN_SUSPICIOUS_MOVE = YES;
				CLANG_WARN_UNGUARDED_AVAILABILITY = YES_AGGRESSIVE;
				CLANG_WARN_UNREACHABLE_CODE = YES;
				CLANG_WARN__DUPLICATE_METHOD_MATCH = YES;
				CODE_SIGN_IDENTITY = "iPhone Developer";
				COPY_PHASE_STRIP = NO;
				DEBUG_INFORMATION_FORMAT = dwarf;
				ENABLE_STRICT_OBJC_MSGSEND = YES;
				ENABLE_TESTABILITY = YES;
				GCC_C_LANGUAGE_STANDARD = gnu11;
				GCC_DYNAMIC_NO_PIC = NO;
				GCC_NO_COMMON_BLOCKS = YES;
				GCC_OPTIMIZATION_LEVEL = 0;
				GCC_PREPROCESSOR_DEFINITIONS = (
					"DEBUG=1",
					"$(inherited)",
				);
				GCC_WARN_64_TO_32_BIT_CONVERSION = YES;
				GCC_WARN_ABOUT_RETURN_TYPE = YES_ERROR;
				GCC_WARN_UNDECLARED_SELECTOR = YES;
				GCC_WARN_UNINITIALIZED_AUTOS = YES_AGGRESSIVE;
				GCC_WARN_UNUSED_FUNCTION = YES;
				GCC_WARN_UNUSED_VARIABLE = YES;
				IPHONEOS_DEPLOYMENT_TARGET = 12.2;
				MTL_ENABLE_DEBUG_INFO = INCLUDE_SOURCE;
				MTL_FAST_MATH = YES;
				ONLY_ACTIVE_ARCH = YES;
				SDKROOT = iphoneos;
				SWIFT_ACTIVE_COMPILATION_CONDITIONS = DEBUG;
				SWIFT_OPTIMIZATION_LEVEL = "-Onone";
				SWIFT_VERSION = 4.2;
			};
			name = Debug;
		};
		4157A13E22797F47008657A2 /* Release */ = {
			isa = XCBuildConfiguration;
			buildSettings = {
				ALWAYS_SEARCH_USER_PATHS = NO;
				CLANG_ANALYZER_NONNULL = YES;
				CLANG_ANALYZER_NUMBER_OBJECT_CONVERSION = YES_AGGRESSIVE;
				CLANG_CXX_LANGUAGE_STANDARD = "gnu++14";
				CLANG_CXX_LIBRARY = "libc++";
				CLANG_ENABLE_MODULES = YES;
				CLANG_ENABLE_OBJC_ARC = YES;
				CLANG_ENABLE_OBJC_WEAK = YES;
				CLANG_WARN_BLOCK_CAPTURE_AUTORELEASING = YES;
				CLANG_WARN_BOOL_CONVERSION = YES;
				CLANG_WARN_COMMA = YES;
				CLANG_WARN_CONSTANT_CONVERSION = YES;
				CLANG_WARN_DEPRECATED_OBJC_IMPLEMENTATIONS = YES;
				CLANG_WARN_DIRECT_OBJC_ISA_USAGE = YES_ERROR;
				CLANG_WARN_DOCUMENTATION_COMMENTS = YES;
				CLANG_WARN_EMPTY_BODY = YES;
				CLANG_WARN_ENUM_CONVERSION = YES;
				CLANG_WARN_INFINITE_RECURSION = YES;
				CLANG_WARN_INT_CONVERSION = YES;
				CLANG_WARN_NON_LITERAL_NULL_CONVERSION = YES;
				CLANG_WARN_OBJC_IMPLICIT_RETAIN_SELF = YES;
				CLANG_WARN_OBJC_LITERAL_CONVERSION = YES;
				CLANG_WARN_OBJC_ROOT_CLASS = YES_ERROR;
				CLANG_WARN_RANGE_LOOP_ANALYSIS = YES;
				CLANG_WARN_STRICT_PROTOTYPES = YES;
				CLANG_WARN_SUSPICIOUS_MOVE = YES;
				CLANG_WARN_UNGUARDED_AVAILABILITY = YES_AGGRESSIVE;
				CLANG_WARN_UNREACHABLE_CODE = YES;
				CLANG_WARN__DUPLICATE_METHOD_MATCH = YES;
				CODE_SIGN_IDENTITY = "iPhone Developer";
				COPY_PHASE_STRIP = NO;
				DEBUG_INFORMATION_FORMAT = "dwarf-with-dsym";
				ENABLE_NS_ASSERTIONS = NO;
				ENABLE_STRICT_OBJC_MSGSEND = YES;
				GCC_C_LANGUAGE_STANDARD = gnu11;
				GCC_NO_COMMON_BLOCKS = YES;
				GCC_WARN_64_TO_32_BIT_CONVERSION = YES;
				GCC_WARN_ABOUT_RETURN_TYPE = YES_ERROR;
				GCC_WARN_UNDECLARED_SELECTOR = YES;
				GCC_WARN_UNINITIALIZED_AUTOS = YES_AGGRESSIVE;
				GCC_WARN_UNUSED_FUNCTION = YES;
				GCC_WARN_UNUSED_VARIABLE = YES;
				IPHONEOS_DEPLOYMENT_TARGET = 12.2;
				MTL_ENABLE_DEBUG_INFO = NO;
				MTL_FAST_MATH = YES;
				SDKROOT = iphoneos;
				SWIFT_COMPILATION_MODE = wholemodule;
				SWIFT_OPTIMIZATION_LEVEL = "-O";
				SWIFT_VERSION = 4.2;
				VALIDATE_PRODUCT = YES;
			};
			name = Release;
		};
		4157A14022797F47008657A2 /* Debug */ = {
			isa = XCBuildConfiguration;
			baseConfigurationReference = F1839212FD4733BDA85004CD /* Pods-FlanelinhaParking.debug.xcconfig */;
			buildSettings = {
				ASSETCATALOG_COMPILER_APPICON_NAME = AppIcon;
				CODE_SIGN_STYLE = Automatic;
				DEVELOPMENT_TEAM = KKMX66NGA5;
				INFOPLIST_FILE = FlanelinhaParking/Info.plist;
				LD_RUNPATH_SEARCH_PATHS = (
					"$(inherited)",
					"@executable_path/Frameworks",
				);
				PRODUCT_BUNDLE_IDENTIFIER = br.com.flanelinha.FlanelinhaParking;
				PRODUCT_NAME = "$(TARGET_NAME)";
				SWIFT_VERSION = 5.0;
				TARGETED_DEVICE_FAMILY = "1,2";
			};
			name = Debug;
		};
		4157A14122797F47008657A2 /* Release */ = {
			isa = XCBuildConfiguration;
			baseConfigurationReference = 6BA358310534C353CE2D0EB9 /* Pods-FlanelinhaParking.release.xcconfig */;
			buildSettings = {
				ASSETCATALOG_COMPILER_APPICON_NAME = AppIcon;
				CODE_SIGN_STYLE = Automatic;
				DEVELOPMENT_TEAM = KKMX66NGA5;
				INFOPLIST_FILE = FlanelinhaParking/Info.plist;
				LD_RUNPATH_SEARCH_PATHS = (
					"$(inherited)",
					"@executable_path/Frameworks",
				);
				PRODUCT_BUNDLE_IDENTIFIER = br.com.flanelinha.FlanelinhaParking;
				PRODUCT_NAME = "$(TARGET_NAME)";
				SWIFT_VERSION = 5.0;
				TARGETED_DEVICE_FAMILY = "1,2";
			};
			name = Release;
		};
/* End XCBuildConfiguration section */

/* Begin XCConfigurationList section */
		4157A12522797F44008657A2 /* Build configuration list for PBXProject "FlanelinhaParking" */ = {
			isa = XCConfigurationList;
			buildConfigurations = (
				4157A13D22797F47008657A2 /* Debug */,
				4157A13E22797F47008657A2 /* Release */,
			);
			defaultConfigurationIsVisible = 0;
			defaultConfigurationName = Release;
		};
		4157A13F22797F47008657A2 /* Build configuration list for PBXNativeTarget "FlanelinhaParking" */ = {
			isa = XCConfigurationList;
			buildConfigurations = (
				4157A14022797F47008657A2 /* Debug */,
				4157A14122797F47008657A2 /* Release */,
			);
			defaultConfigurationIsVisible = 0;
			defaultConfigurationName = Release;
		};
/* End XCConfigurationList section */

/* Begin XCVersionGroup section */
		4157A13422797F44008657A2 /* FlanelinhaParking.xcdatamodeld */ = {
			isa = XCVersionGroup;
			children = (
				4157A13522797F44008657A2 /* FlanelinhaParking.xcdatamodel */,
			);
			currentVersion = 4157A13522797F44008657A2 /* FlanelinhaParking.xcdatamodel */;
			path = FlanelinhaParking.xcdatamodeld;
			sourceTree = "<group>";
			versionGroupType = wrapper.xcdatamodel;
		};
/* End XCVersionGroup section */
	};
	rootObject = 4157A12222797F44008657A2 /* Project object */;
}
